// !$*UTF8*$!
{
	archiveVersion = 1;
	classes = {
	};
	objectVersion = 56;
	objects = {

/* Begin PBXBuildFile section */
		305283332C959513004E1ADA /* PhotoEditorView.swift in Sources */ = {isa = PBXBuildFile; fileRef = 305283322C959513004E1ADA /* PhotoEditorView.swift */; };
		305283352C95955C004E1ADA /* BackForButton.swift in Sources */ = {isa = PBXBuildFile; fileRef = 305283342C95955C004E1ADA /* BackForButton.swift */; };
		305283372C95A539004E1ADA /* PhotoEditorViewModel.swift in Sources */ = {isa = PBXBuildFile; fileRef = 305283362C95A539004E1ADA /* PhotoEditorViewModel.swift */; };
		305283392C95C610004E1ADA /* ImagePicker.swift in Sources */ = {isa = PBXBuildFile; fileRef = 305283382C95C610004E1ADA /* ImagePicker.swift */; };
		3052833C2C95E536004E1ADA /* SwiftyCrop in Frameworks */ = {isa = PBXBuildFile; productRef = 3052833B2C95E536004E1ADA /* SwiftyCrop */; };
		3052833E2C95E567004E1ADA /* CropView.swift in Sources */ = {isa = PBXBuildFile; fileRef = 3052833D2C95E567004E1ADA /* CropView.swift */; };
		305283402C9626EC004E1ADA /* ImageSaver.swift in Sources */ = {isa = PBXBuildFile; fileRef = 3052833F2C9626EB004E1ADA /* ImageSaver.swift */; };
		30880D3A2C96E27D002327A3 /* PencilView.swift in Sources */ = {isa = PBXBuildFile; fileRef = 30880D392C96E27D002327A3 /* PencilView.swift */; };
		30880D3C2C974F05002327A3 /* TextBox.swift in Sources */ = {isa = PBXBuildFile; fileRef = 30880D3B2C974F05002327A3 /* TextBox.swift */; };
		30BE5B072BEABC9A00B00862 /* CustomShadowButtonView.swift in Sources */ = {isa = PBXBuildFile; fileRef = 30BE5B062BEABC9A00B00862 /* CustomShadowButtonView.swift */; };
		30BE5B0B2BEB512C00B00862 /* GoogleSignIn in Frameworks */ = {isa = PBXBuildFile; productRef = 30BE5B0A2BEB512C00B00862 /* GoogleSignIn */; };
		30BE5B0D2BEB512C00B00862 /* GoogleSignInSwift in Frameworks */ = {isa = PBXBuildFile; productRef = 30BE5B0C2BEB512C00B00862 /* GoogleSignInSwift */; };
		30BE5B102BEB521300B00862 /* GoogleService-Info.plist in Resources */ = {isa = PBXBuildFile; fileRef = 30BE5B0F2BEB521300B00862 /* GoogleService-Info.plist */; };
		30BE5B122BEB54B700B00862 /* AutheticationViewModel.swift in Sources */ = {isa = PBXBuildFile; fileRef = 30BE5B112BEB54B700B00862 /* AutheticationViewModel.swift */; };
		30BE5B142BEB560E00B00862 /* Utilities.swift in Sources */ = {isa = PBXBuildFile; fileRef = 30BE5B132BEB560E00B00862 /* Utilities.swift */; };
		30BE5B162BEB650F00B00862 /* SignInGoogleHelper.swift in Sources */ = {isa = PBXBuildFile; fileRef = 30BE5B152BEB650F00B00862 /* SignInGoogleHelper.swift */; };
		30F033032BE8B5C100FDEAF4 /* SwifUIFirebaseGoogleSingInApp.swift in Sources */ = {isa = PBXBuildFile; fileRef = 30F033022BE8B5C100FDEAF4 /* SwifUIFirebaseGoogleSingInApp.swift */; };
		30F033072BE8B5C200FDEAF4 /* Assets.xcassets in Resources */ = {isa = PBXBuildFile; fileRef = 30F033062BE8B5C200FDEAF4 /* Assets.xcassets */; };
		30F0330A2BE8B5C200FDEAF4 /* Preview Assets.xcassets in Resources */ = {isa = PBXBuildFile; fileRef = 30F033092BE8B5C200FDEAF4 /* Preview Assets.xcassets */; };
		30F033152BE8BFFF00FDEAF4 /* FirebaseAnalytics in Frameworks */ = {isa = PBXBuildFile; productRef = 30F033142BE8BFFF00FDEAF4 /* FirebaseAnalytics */; };
		30F033172BE8C01D00FDEAF4 /* FirebaseAnalyticsSwift in Frameworks */ = {isa = PBXBuildFile; productRef = 30F033162BE8C01D00FDEAF4 /* FirebaseAnalyticsSwift */; };
		30F033192BE8C9B800FDEAF4 /* FirebaseAuth in Frameworks */ = {isa = PBXBuildFile; productRef = 30F033182BE8C9B800FDEAF4 /* FirebaseAuth */; };
		30F0331C2BE8CA5900FDEAF4 /* AuthenticationView.swift in Sources */ = {isa = PBXBuildFile; fileRef = 30F0331B2BE8CA5900FDEAF4 /* AuthenticationView.swift */; };
		30F0331E2BE8CB8F00FDEAF4 /* SingInEmailView.swift in Sources */ = {isa = PBXBuildFile; fileRef = 30F0331D2BE8CB8F00FDEAF4 /* SingInEmailView.swift */; };
		30F033202BE8CBB200FDEAF4 /* SingEmailViewModel.swift in Sources */ = {isa = PBXBuildFile; fileRef = 30F0331F2BE8CBB200FDEAF4 /* SingEmailViewModel.swift */; };
		30F033222BE8CEE100FDEAF4 /* AuthenticationManager.swift in Sources */ = {isa = PBXBuildFile; fileRef = 30F033212BE8CEE100FDEAF4 /* AuthenticationManager.swift */; };
		30F033302BE8F03E00FDEAF4 /* RootView.swift in Sources */ = {isa = PBXBuildFile; fileRef = 30F0332F2BE8F03E00FDEAF4 /* RootView.swift */; };
		30F033332BE907C900FDEAF4 /* MainView.swift in Sources */ = {isa = PBXBuildFile; fileRef = 30F033322BE907C900FDEAF4 /* MainView.swift */; };
		30F033352BE9081B00FDEAF4 /* MainViewModel.swift in Sources */ = {isa = PBXBuildFile; fileRef = 30F033342BE9081B00FDEAF4 /* MainViewModel.swift */; };
/* End PBXBuildFile section */

/* Begin PBXFileReference section */
		305283322C959513004E1ADA /* PhotoEditorView.swift */ = {isa = PBXFileReference; lastKnownFileType = sourcecode.swift; path = PhotoEditorView.swift; sourceTree = "<group>"; };
		305283342C95955C004E1ADA /* BackForButton.swift */ = {isa = PBXFileReference; lastKnownFileType = sourcecode.swift; path = BackForButton.swift; sourceTree = "<group>"; };
		305283362C95A539004E1ADA /* PhotoEditorViewModel.swift */ = {isa = PBXFileReference; lastKnownFileType = sourcecode.swift; path = PhotoEditorViewModel.swift; sourceTree = "<group>"; };
		305283382C95C610004E1ADA /* ImagePicker.swift */ = {isa = PBXFileReference; fileEncoding = 4; lastKnownFileType = sourcecode.swift; path = ImagePicker.swift; sourceTree = "<group>"; };
		3052833D2C95E567004E1ADA /* CropView.swift */ = {isa = PBXFileReference; lastKnownFileType = sourcecode.swift; path = CropView.swift; sourceTree = "<group>"; };
		3052833F2C9626EB004E1ADA /* ImageSaver.swift */ = {isa = PBXFileReference; lastKnownFileType = sourcecode.swift; path = ImageSaver.swift; sourceTree = "<group>"; };
		30880D392C96E27D002327A3 /* PencilView.swift */ = {isa = PBXFileReference; lastKnownFileType = sourcecode.swift; path = PencilView.swift; sourceTree = "<group>"; };
		30880D3B2C974F05002327A3 /* TextBox.swift */ = {isa = PBXFileReference; lastKnownFileType = sourcecode.swift; path = TextBox.swift; sourceTree = "<group>"; };
		30BE5B062BEABC9A00B00862 /* CustomShadowButtonView.swift */ = {isa = PBXFileReference; lastKnownFileType = sourcecode.swift; path = CustomShadowButtonView.swift; sourceTree = "<group>"; };
		30BE5B0E2BEB51AA00B00862 /* Info.plist */ = {isa = PBXFileReference; lastKnownFileType = text.plist; path = Info.plist; sourceTree = "<group>"; };
		30BE5B0F2BEB521300B00862 /* GoogleService-Info.plist */ = {isa = PBXFileReference; fileEncoding = 4; lastKnownFileType = text.plist.xml; path = "GoogleService-Info.plist"; sourceTree = "<group>"; };
		30BE5B112BEB54B700B00862 /* AutheticationViewModel.swift */ = {isa = PBXFileReference; lastKnownFileType = sourcecode.swift; path = AutheticationViewModel.swift; sourceTree = "<group>"; };
		30BE5B132BEB560E00B00862 /* Utilities.swift */ = {isa = PBXFileReference; lastKnownFileType = sourcecode.swift; path = Utilities.swift; sourceTree = "<group>"; };
		30BE5B152BEB650F00B00862 /* SignInGoogleHelper.swift */ = {isa = PBXFileReference; lastKnownFileType = sourcecode.swift; path = SignInGoogleHelper.swift; sourceTree = "<group>"; };
		30F032FF2BE8B5C100FDEAF4 /* SwifUIFirebaseGoogleSingIn.app */ = {isa = PBXFileReference; explicitFileType = wrapper.application; includeInIndex = 0; path = SwifUIFirebaseGoogleSingIn.app; sourceTree = BUILT_PRODUCTS_DIR; };
		30F033022BE8B5C100FDEAF4 /* SwifUIFirebaseGoogleSingInApp.swift */ = {isa = PBXFileReference; lastKnownFileType = sourcecode.swift; path = SwifUIFirebaseGoogleSingInApp.swift; sourceTree = "<group>"; };
		30F033062BE8B5C200FDEAF4 /* Assets.xcassets */ = {isa = PBXFileReference; lastKnownFileType = folder.assetcatalog; path = Assets.xcassets; sourceTree = "<group>"; };
		30F033092BE8B5C200FDEAF4 /* Preview Assets.xcassets */ = {isa = PBXFileReference; lastKnownFileType = folder.assetcatalog; path = "Preview Assets.xcassets"; sourceTree = "<group>"; };
		30F0331B2BE8CA5900FDEAF4 /* AuthenticationView.swift */ = {isa = PBXFileReference; lastKnownFileType = sourcecode.swift; path = AuthenticationView.swift; sourceTree = "<group>"; };
		30F0331D2BE8CB8F00FDEAF4 /* SingInEmailView.swift */ = {isa = PBXFileReference; lastKnownFileType = sourcecode.swift; path = SingInEmailView.swift; sourceTree = "<group>"; };
		30F0331F2BE8CBB200FDEAF4 /* SingEmailViewModel.swift */ = {isa = PBXFileReference; lastKnownFileType = sourcecode.swift; path = SingEmailViewModel.swift; sourceTree = "<group>"; };
		30F033212BE8CEE100FDEAF4 /* AuthenticationManager.swift */ = {isa = PBXFileReference; lastKnownFileType = sourcecode.swift; path = AuthenticationManager.swift; sourceTree = "<group>"; };
		30F0332F2BE8F03E00FDEAF4 /* RootView.swift */ = {isa = PBXFileReference; lastKnownFileType = sourcecode.swift; path = RootView.swift; sourceTree = "<group>"; };
		30F033322BE907C900FDEAF4 /* MainView.swift */ = {isa = PBXFileReference; lastKnownFileType = sourcecode.swift; path = MainView.swift; sourceTree = "<group>"; };
		30F033342BE9081B00FDEAF4 /* MainViewModel.swift */ = {isa = PBXFileReference; lastKnownFileType = sourcecode.swift; path = MainViewModel.swift; sourceTree = "<group>"; };
/* End PBXFileReference section */

/* Begin PBXFrameworksBuildPhase section */
		30F032FC2BE8B5C100FDEAF4 /* Frameworks */ = {
			isa = PBXFrameworksBuildPhase;
			buildActionMask = 2147483647;
			files = (
				30BE5B0D2BEB512C00B00862 /* GoogleSignInSwift in Frameworks */,
				30F033172BE8C01D00FDEAF4 /* FirebaseAnalyticsSwift in Frameworks */,
				3052833C2C95E536004E1ADA /* SwiftyCrop in Frameworks */,
				30BE5B0B2BEB512C00B00862 /* GoogleSignIn in Frameworks */,
				30F033192BE8C9B800FDEAF4 /* FirebaseAuth in Frameworks */,
				30F033152BE8BFFF00FDEAF4 /* FirebaseAnalytics in Frameworks */,
			);
			runOnlyForDeploymentPostprocessing = 0;
		};
/* End PBXFrameworksBuildPhase section */

/* Begin PBXGroup section */
		305283312C9594D1004E1ADA /* PhotoEditor */ = {
			isa = PBXGroup;
			children = (
				305283322C959513004E1ADA /* PhotoEditorView.swift */,
				305283362C95A539004E1ADA /* PhotoEditorViewModel.swift */,
				3052833D2C95E567004E1ADA /* CropView.swift */,
				30880D392C96E27D002327A3 /* PencilView.swift */,
			);
			path = PhotoEditor;
			sourceTree = "<group>";
		};
		30BE5B052BEABC8000B00862 /* Extention */ = {
			isa = PBXGroup;
			children = (
				305283382C95C610004E1ADA /* ImagePicker.swift */,
				30BE5B062BEABC9A00B00862 /* CustomShadowButtonView.swift */,
				30BE5B132BEB560E00B00862 /* Utilities.swift */,
				30BE5B152BEB650F00B00862 /* SignInGoogleHelper.swift */,
				305283342C95955C004E1ADA /* BackForButton.swift */,
				3052833F2C9626EB004E1ADA /* ImageSaver.swift */,
				30880D3B2C974F05002327A3 /* TextBox.swift */,
			);
			path = Extention;
			sourceTree = "<group>";
		};
		30BE5B082BEABD8900B00862 /* SingIn */ = {
			isa = PBXGroup;
			children = (
				30F0331D2BE8CB8F00FDEAF4 /* SingInEmailView.swift */,
				30F0331F2BE8CBB200FDEAF4 /* SingEmailViewModel.swift */,
			);
			path = SingIn;
			sourceTree = "<group>";
		};
		30F032F62BE8B5C100FDEAF4 = {
			isa = PBXGroup;
			children = (
				30F033012BE8B5C100FDEAF4 /* SwifUIFirebaseGoogleSingIn */,
				30F033002BE8B5C100FDEAF4 /* Products */,
				30F033132BE8BFFF00FDEAF4 /* Frameworks */,
			);
			sourceTree = "<group>";
		};
		30F033002BE8B5C100FDEAF4 /* Products */ = {
			isa = PBXGroup;
			children = (
				30F032FF2BE8B5C100FDEAF4 /* SwifUIFirebaseGoogleSingIn.app */,
			);
			name = Products;
			sourceTree = "<group>";
		};
		30F033012BE8B5C100FDEAF4 /* SwifUIFirebaseGoogleSingIn */ = {
			isa = PBXGroup;
			children = (
				305283312C9594D1004E1ADA /* PhotoEditor */,
				30BE5B0E2BEB51AA00B00862 /* Info.plist */,
				30BE5B082BEABD8900B00862 /* SingIn */,
				30BE5B052BEABC8000B00862 /* Extention */,
				30F033312BE8F46F00FDEAF4 /* Main */,
				30F0331A2BE8CA1D00FDEAF4 /* Authentication */,
				30F033062BE8B5C200FDEAF4 /* Assets.xcassets */,
				30BE5B0F2BEB521300B00862 /* GoogleService-Info.plist */,
				30F033082BE8B5C200FDEAF4 /* Preview Content */,
				30F0332F2BE8F03E00FDEAF4 /* RootView.swift */,
				30F033022BE8B5C100FDEAF4 /* SwifUIFirebaseGoogleSingInApp.swift */,
			);
			path = SwifUIFirebaseGoogleSingIn;
			sourceTree = "<group>";
		};
		30F033082BE8B5C200FDEAF4 /* Preview Content */ = {
			isa = PBXGroup;
			children = (
				30F033092BE8B5C200FDEAF4 /* Preview Assets.xcassets */,
			);
			path = "Preview Content";
			sourceTree = "<group>";
		};
		30F033132BE8BFFF00FDEAF4 /* Frameworks */ = {
			isa = PBXGroup;
			children = (
			);
			name = Frameworks;
			sourceTree = "<group>";
		};
		30F0331A2BE8CA1D00FDEAF4 /* Authentication */ = {
			isa = PBXGroup;
			children = (
				30F0331B2BE8CA5900FDEAF4 /* AuthenticationView.swift */,
				30F033212BE8CEE100FDEAF4 /* AuthenticationManager.swift */,
				30BE5B112BEB54B700B00862 /* AutheticationViewModel.swift */,
			);
			path = Authentication;
			sourceTree = "<group>";
		};
		30F033312BE8F46F00FDEAF4 /* Main */ = {
			isa = PBXGroup;
			children = (
				30F033322BE907C900FDEAF4 /* MainView.swift */,
				30F033342BE9081B00FDEAF4 /* MainViewModel.swift */,
			);
			path = Main;
			sourceTree = "<group>";
		};
/* End PBXGroup section */

/* Begin PBXNativeTarget section */
		30F032FE2BE8B5C100FDEAF4 /* SwifUIFirebaseGoogleSingIn */ = {
			isa = PBXNativeTarget;
			buildConfigurationList = 30F0330D2BE8B5C200FDEAF4 /* Build configuration list for PBXNativeTarget "SwifUIFirebaseGoogleSingIn" */;
			buildPhases = (
				30F032FB2BE8B5C100FDEAF4 /* Sources */,
				30F032FC2BE8B5C100FDEAF4 /* Frameworks */,
				30F032FD2BE8B5C100FDEAF4 /* Resources */,
			);
			buildRules = (
			);
			dependencies = (
			);
			name = SwifUIFirebaseGoogleSingIn;
			packageProductDependencies = (
				30F033142BE8BFFF00FDEAF4 /* FirebaseAnalytics */,
				30F033162BE8C01D00FDEAF4 /* FirebaseAnalyticsSwift */,
				30F033182BE8C9B800FDEAF4 /* FirebaseAuth */,
				30BE5B0A2BEB512C00B00862 /* GoogleSignIn */,
				30BE5B0C2BEB512C00B00862 /* GoogleSignInSwift */,
				3052833B2C95E536004E1ADA /* SwiftyCrop */,
			);
			productName = SwifUIFirebaseGoogleSingIn;
			productReference = 30F032FF2BE8B5C100FDEAF4 /* SwifUIFirebaseGoogleSingIn.app */;
			productType = "com.apple.product-type.application";
		};
/* End PBXNativeTarget section */

/* Begin PBXProject section */
		30F032F72BE8B5C100FDEAF4 /* Project object */ = {
			isa = PBXProject;
			attributes = {
				BuildIndependentTargetsInParallel = 1;
				LastSwiftUpdateCheck = 1530;
				LastUpgradeCheck = 1530;
				TargetAttributes = {
					30F032FE2BE8B5C100FDEAF4 = {
						CreatedOnToolsVersion = 15.3;
					};
				};
			};
			buildConfigurationList = 30F032FA2BE8B5C100FDEAF4 /* Build configuration list for PBXProject "SwifUIFirebaseGoogleSingIn" */;
			compatibilityVersion = "Xcode 14.0";
			developmentRegion = en;
			hasScannedForEncodings = 0;
			knownRegions = (
				en,
				Base,
			);
			mainGroup = 30F032F62BE8B5C100FDEAF4;
			packageReferences = (
				30F033122BE8BB7000FDEAF4 /* XCRemoteSwiftPackageReference "firebase-ios-sdk" */,
				30BE5B092BEB512C00B00862 /* XCRemoteSwiftPackageReference "GoogleSignIn-iOS" */,
				3052833A2C95E536004E1ADA /* XCRemoteSwiftPackageReference "SwiftyCrop" */,
			);
			productRefGroup = 30F033002BE8B5C100FDEAF4 /* Products */;
			projectDirPath = "";
			projectRoot = "";
			targets = (
				30F032FE2BE8B5C100FDEAF4 /* SwifUIFirebaseGoogleSingIn */,
			);
		};
/* End PBXProject section */

/* Begin PBXResourcesBuildPhase section */
		30F032FD2BE8B5C100FDEAF4 /* Resources */ = {
			isa = PBXResourcesBuildPhase;
			buildActionMask = 2147483647;
			files = (
				30F0330A2BE8B5C200FDEAF4 /* Preview Assets.xcassets in Resources */,
				30F033072BE8B5C200FDEAF4 /* Assets.xcassets in Resources */,
				30BE5B102BEB521300B00862 /* GoogleService-Info.plist in Resources */,
			);
			runOnlyForDeploymentPostprocessing = 0;
		};
/* End PBXResourcesBuildPhase section */

/* Begin PBXSourcesBuildPhase section */
		30F032FB2BE8B5C100FDEAF4 /* Sources */ = {
			isa = PBXSourcesBuildPhase;
			buildActionMask = 2147483647;
			files = (
				30F033332BE907C900FDEAF4 /* MainView.swift in Sources */,
				3052833E2C95E567004E1ADA /* CropView.swift in Sources */,
				30880D3A2C96E27D002327A3 /* PencilView.swift in Sources */,
				30F033032BE8B5C100FDEAF4 /* SwifUIFirebaseGoogleSingInApp.swift in Sources */,
				30BE5B142BEB560E00B00862 /* Utilities.swift in Sources */,
				30F033202BE8CBB200FDEAF4 /* SingEmailViewModel.swift in Sources */,
				305283392C95C610004E1ADA /* ImagePicker.swift in Sources */,
				30BE5B162BEB650F00B00862 /* SignInGoogleHelper.swift in Sources */,
				305283332C959513004E1ADA /* PhotoEditorView.swift in Sources */,
				30F033302BE8F03E00FDEAF4 /* RootView.swift in Sources */,
				30BE5B072BEABC9A00B00862 /* CustomShadowButtonView.swift in Sources */,
				30BE5B122BEB54B700B00862 /* AutheticationViewModel.swift in Sources */,
				30F033222BE8CEE100FDEAF4 /* AuthenticationManager.swift in Sources */,
				305283372C95A539004E1ADA /* PhotoEditorViewModel.swift in Sources */,
				305283402C9626EC004E1ADA /* ImageSaver.swift in Sources */,
				30F0331C2BE8CA5900FDEAF4 /* AuthenticationView.swift in Sources */,
				30F0331E2BE8CB8F00FDEAF4 /* SingInEmailView.swift in Sources */,
				305283352C95955C004E1ADA /* BackForButton.swift in Sources */,
				30880D3C2C974F05002327A3 /* TextBox.swift in Sources */,
				30F033352BE9081B00FDEAF4 /* MainViewModel.swift in Sources */,
			);
			runOnlyForDeploymentPostprocessing = 0;
		};
/* End PBXSourcesBuildPhase section */

/* Begin XCBuildConfiguration section */
		30F0330B2BE8B5C200FDEAF4 /* Debug */ = {
			isa = XCBuildConfiguration;
			buildSettings = {
				ALWAYS_SEARCH_USER_PATHS = NO;
				ASSETCATALOG_COMPILER_GENERATE_SWIFT_ASSET_SYMBOL_EXTENSIONS = YES;
				CLANG_ANALYZER_NONNULL = YES;
				CLANG_ANALYZER_NUMBER_OBJECT_CONVERSION = YES_AGGRESSIVE;
				CLANG_CXX_LANGUAGE_STANDARD = "gnu++20";
				CLANG_ENABLE_MODULES = YES;
				CLANG_ENABLE_OBJC_ARC = YES;
				CLANG_ENABLE_OBJC_WEAK = YES;
				CLANG_WARN_BLOCK_CAPTURE_AUTORELEASING = YES;
				CLANG_WARN_BOOL_CONVERSION = YES;
				CLANG_WARN_COMMA = YES;
				CLANG_WARN_CONSTANT_CONVERSION = YES;
				CLANG_WARN_DEPRECATED_OBJC_IMPLEMENTATIONS = YES;
				CLANG_WARN_DIRECT_OBJC_ISA_USAGE = YES_ERROR;
				CLANG_WARN_DOCUMENTATION_COMMENTS = YES;
				CLANG_WARN_EMPTY_BODY = YES;
				CLANG_WARN_ENUM_CONVERSION = YES;
				CLANG_WARN_INFINITE_RECURSION = YES;
				CLANG_WARN_INT_CONVERSION = YES;
				CLANG_WARN_NON_LITERAL_NULL_CONVERSION = YES;
				CLANG_WARN_OBJC_IMPLICIT_RETAIN_SELF = YES;
				CLANG_WARN_OBJC_LITERAL_CONVERSION = YES;
				CLANG_WARN_OBJC_ROOT_CLASS = YES_ERROR;
				CLANG_WARN_QUOTED_INCLUDE_IN_FRAMEWORK_HEADER = YES;
				CLANG_WARN_RANGE_LOOP_ANALYSIS = YES;
				CLANG_WARN_STRICT_PROTOTYPES = YES;
				CLANG_WARN_SUSPICIOUS_MOVE = YES;
				CLANG_WARN_UNGUARDED_AVAILABILITY = YES_AGGRESSIVE;
				CLANG_WARN_UNREACHABLE_CODE = YES;
				CLANG_WARN__DUPLICATE_METHOD_MATCH = YES;
				COPY_PHASE_STRIP = NO;
				DEBUG_INFORMATION_FORMAT = dwarf;
				ENABLE_STRICT_OBJC_MSGSEND = YES;
				ENABLE_TESTABILITY = YES;
				ENABLE_USER_SCRIPT_SANDBOXING = YES;
				GCC_C_LANGUAGE_STANDARD = gnu17;
				GCC_DYNAMIC_NO_PIC = NO;
				GCC_NO_COMMON_BLOCKS = YES;
				GCC_OPTIMIZATION_LEVEL = 0;
				GCC_PREPROCESSOR_DEFINITIONS = (
					"DEBUG=1",
					"$(inherited)",
				);
				GCC_WARN_64_TO_32_BIT_CONVERSION = YES;
				GCC_WARN_ABOUT_RETURN_TYPE = YES_ERROR;
				GCC_WARN_UNDECLARED_SELECTOR = YES;
				GCC_WARN_UNINITIALIZED_AUTOS = YES_AGGRESSIVE;
				GCC_WARN_UNUSED_FUNCTION = YES;
				GCC_WARN_UNUSED_VARIABLE = YES;
				IPHONEOS_DEPLOYMENT_TARGET = 17.4;
				LOCALIZATION_PREFERS_STRING_CATALOGS = YES;
				MTL_ENABLE_DEBUG_INFO = INCLUDE_SOURCE;
				MTL_FAST_MATH = YES;
				ONLY_ACTIVE_ARCH = YES;
				SDKROOT = iphoneos;
				SWIFT_ACTIVE_COMPILATION_CONDITIONS = "DEBUG $(inherited)";
				SWIFT_OPTIMIZATION_LEVEL = "-Onone";
			};
			name = Debug;
		};
		30F0330C2BE8B5C200FDEAF4 /* Release */ = {
			isa = XCBuildConfiguration;
			buildSettings = {
				ALWAYS_SEARCH_USER_PATHS = NO;
				ASSETCATALOG_COMPILER_GENERATE_SWIFT_ASSET_SYMBOL_EXTENSIONS = YES;
				CLANG_ANALYZER_NONNULL = YES;
				CLANG_ANALYZER_NUMBER_OBJECT_CONVERSION = YES_AGGRESSIVE;
				CLANG_CXX_LANGUAGE_STANDARD = "gnu++20";
				CLANG_ENABLE_MODULES = YES;
				CLANG_ENABLE_OBJC_ARC = YES;
				CLANG_ENABLE_OBJC_WEAK = YES;
				CLANG_WARN_BLOCK_CAPTURE_AUTORELEASING = YES;
				CLANG_WARN_BOOL_CONVERSION = YES;
				CLANG_WARN_COMMA = YES;
				CLANG_WARN_CONSTANT_CONVERSION = YES;
				CLANG_WARN_DEPRECATED_OBJC_IMPLEMENTATIONS = YES;
				CLANG_WARN_DIRECT_OBJC_ISA_USAGE = YES_ERROR;
				CLANG_WARN_DOCUMENTATION_COMMENTS = YES;
				CLANG_WARN_EMPTY_BODY = YES;
				CLANG_WARN_ENUM_CONVERSION = YES;
				CLANG_WARN_INFINITE_RECURSION = YES;
				CLANG_WARN_INT_CONVERSION = YES;
				CLANG_WARN_NON_LITERAL_NULL_CONVERSION = YES;
				CLANG_WARN_OBJC_IMPLICIT_RETAIN_SELF = YES;
				CLANG_WARN_OBJC_LITERAL_CONVERSION = YES;
				CLANG_WARN_OBJC_ROOT_CLASS = YES_ERROR;
				CLANG_WARN_QUOTED_INCLUDE_IN_FRAMEWORK_HEADER = YES;
				CLANG_WARN_RANGE_LOOP_ANALYSIS = YES;
				CLANG_WARN_STRICT_PROTOTYPES = YES;
				CLANG_WARN_SUSPICIOUS_MOVE = YES;
				CLANG_WARN_UNGUARDED_AVAILABILITY = YES_AGGRESSIVE;
				CLANG_WARN_UNREACHABLE_CODE = YES;
				CLANG_WARN__DUPLICATE_METHOD_MATCH = YES;
				COPY_PHASE_STRIP = NO;
				DEBUG_INFORMATION_FORMAT = "dwarf-with-dsym";
				ENABLE_NS_ASSERTIONS = NO;
				ENABLE_STRICT_OBJC_MSGSEND = YES;
				ENABLE_USER_SCRIPT_SANDBOXING = YES;
				GCC_C_LANGUAGE_STANDARD = gnu17;
				GCC_NO_COMMON_BLOCKS = YES;
				GCC_WARN_64_TO_32_BIT_CONVERSION = YES;
				GCC_WARN_ABOUT_RETURN_TYPE = YES_ERROR;
				GCC_WARN_UNDECLARED_SELECTOR = YES;
				GCC_WARN_UNINITIALIZED_AUTOS = YES_AGGRESSIVE;
				GCC_WARN_UNUSED_FUNCTION = YES;
				GCC_WARN_UNUSED_VARIABLE = YES;
				IPHONEOS_DEPLOYMENT_TARGET = 17.4;
				LOCALIZATION_PREFERS_STRING_CATALOGS = YES;
				MTL_ENABLE_DEBUG_INFO = NO;
				MTL_FAST_MATH = YES;
				SDKROOT = iphoneos;
				SWIFT_COMPILATION_MODE = wholemodule;
				VALIDATE_PRODUCT = YES;
			};
			name = Release;
		};
		30F0330E2BE8B5C200FDEAF4 /* Debug */ = {
			isa = XCBuildConfiguration;
			buildSettings = {
				ASSETCATALOG_COMPILER_APPICON_NAME = AppIcon;
				ASSETCATALOG_COMPILER_GLOBAL_ACCENT_COLOR_NAME = AccentColor;
				CODE_SIGN_STYLE = Automatic;
				CURRENT_PROJECT_VERSION = 1;
				DEVELOPMENT_ASSET_PATHS = "\"SwifUIFirebaseGoogleSingIn/Preview Content\"";
				DEVELOPMENT_TEAM = AR6AN34RS9;
				ENABLE_PREVIEWS = YES;
				GENERATE_INFOPLIST_FILE = YES;
				INFOPLIST_FILE = SwifUIFirebaseGoogleSingIn/Info.plist;
				INFOPLIST_KEY_UIApplicationSceneManifest_Generation = YES;
				INFOPLIST_KEY_UIApplicationSupportsIndirectInputEvents = YES;
				INFOPLIST_KEY_UILaunchScreen_Generation = YES;
				INFOPLIST_KEY_UISupportedInterfaceOrientations_iPad = "UIInterfaceOrientationPortrait UIInterfaceOrientationPortraitUpsideDown UIInterfaceOrientationLandscapeLeft UIInterfaceOrientationLandscapeRight";
				INFOPLIST_KEY_UISupportedInterfaceOrientations_iPhone = "UIInterfaceOrientationPortrait UIInterfaceOrientationLandscapeLeft UIInterfaceOrientationLandscapeRight";
				LD_RUNPATH_SEARCH_PATHS = (
					"$(inherited)",
					"@executable_path/Frameworks",
				);
				MARKETING_VERSION = 1.0;
				PRODUCT_BUNDLE_IDENTIFIER = home.SwifUIFirebaseGoogleSingIn;
				PRODUCT_NAME = "$(TARGET_NAME)";
				SWIFT_EMIT_LOC_STRINGS = YES;
				SWIFT_VERSION = 5.0;
				TARGETED_DEVICE_FAMILY = "1,2";
			};
			name = Debug;
		};
		30F0330F2BE8B5C200FDEAF4 /* Release */ = {
			isa = XCBuildConfiguration;
			buildSettings = {
				ASSETCATALOG_COMPILER_APPICON_NAME = AppIcon;
				ASSETCATALOG_COMPILER_GLOBAL_ACCENT_COLOR_NAME = AccentColor;
				CODE_SIGN_STYLE = Automatic;
				CURRENT_PROJECT_VERSION = 1;
				DEVELOPMENT_ASSET_PATHS = "\"SwifUIFirebaseGoogleSingIn/Preview Content\"";
				DEVELOPMENT_TEAM = AR6AN34RS9;
				ENABLE_PREVIEWS = YES;
				GENERATE_INFOPLIST_FILE = YES;
				INFOPLIST_FILE = SwifUIFirebaseGoogleSingIn/Info.plist;
				INFOPLIST_KEY_UIApplicationSceneManifest_Generation = YES;
				INFOPLIST_KEY_UIApplicationSupportsIndirectInputEvents = YES;
				INFOPLIST_KEY_UILaunchScreen_Generation = YES;
				INFOPLIST_KEY_UISupportedInterfaceOrientations_iPad = "UIInterfaceOrientationPortrait UIInterfaceOrientationPortraitUpsideDown UIInterfaceOrientationLandscapeLeft UIInterfaceOrientationLandscapeRight";
				INFOPLIST_KEY_UISupportedInterfaceOrientations_iPhone = "UIInterfaceOrientationPortrait UIInterfaceOrientationLandscapeLeft UIInterfaceOrientationLandscapeRight";
				LD_RUNPATH_SEARCH_PATHS = (
					"$(inherited)",
					"@executable_path/Frameworks",
				);
				MARKETING_VERSION = 1.0;
				PRODUCT_BUNDLE_IDENTIFIER = home.SwifUIFirebaseGoogleSingIn;
				PRODUCT_NAME = "$(TARGET_NAME)";
				SWIFT_EMIT_LOC_STRINGS = YES;
				SWIFT_VERSION = 5.0;
				TARGETED_DEVICE_FAMILY = "1,2";
			};
			name = Release;
		};
/* End XCBuildConfiguration section */

/* Begin XCConfigurationList section */
		30F032FA2BE8B5C100FDEAF4 /* Build configuration list for PBXProject "SwifUIFirebaseGoogleSingIn" */ = {
			isa = XCConfigurationList;
			buildConfigurations = (
				30F0330B2BE8B5C200FDEAF4 /* Debug */,
				30F0330C2BE8B5C200FDEAF4 /* Release */,
			);
			defaultConfigurationIsVisible = 0;
			defaultConfigurationName = Release;
		};
		30F0330D2BE8B5C200FDEAF4 /* Build configuration list for PBXNativeTarget "SwifUIFirebaseGoogleSingIn" */ = {
			isa = XCConfigurationList;
			buildConfigurations = (
				30F0330E2BE8B5C200FDEAF4 /* Debug */,
				30F0330F2BE8B5C200FDEAF4 /* Release */,
			);
			defaultConfigurationIsVisible = 0;
			defaultConfigurationName = Release;
		};
/* End XCConfigurationList section */

/* Begin XCRemoteSwiftPackageReference section */
		3052833A2C95E536004E1ADA /* XCRemoteSwiftPackageReference "SwiftyCrop" */ = {
			isa = XCRemoteSwiftPackageReference;
			repositoryURL = "https://github.com/benedom/SwiftyCrop";
			requirement = {
				branch = master;
				kind = branch;
			};
		};
		30BE5B092BEB512C00B00862 /* XCRemoteSwiftPackageReference "GoogleSignIn-iOS" */ = {
			isa = XCRemoteSwiftPackageReference;
			repositoryURL = "https://github.com/google/GoogleSignIn-iOS";
			requirement = {
				kind = upToNextMajorVersion;
				minimumVersion = 7.1.0;
			};
		};
		30F033122BE8BB7000FDEAF4 /* XCRemoteSwiftPackageReference "firebase-ios-sdk" */ = {
			isa = XCRemoteSwiftPackageReference;
			repositoryURL = "https://github.com/firebase/firebase-ios-sdk";
			requirement = {
				kind = upToNextMajorVersion;
				minimumVersion = 10.25.0;
			};
		};
/* End XCRemoteSwiftPackageReference section */

/* Begin XCSwiftPackageProductDependency section */
		3052833B2C95E536004E1ADA /* SwiftyCrop */ = {
			isa = XCSwiftPackageProductDependency;
			package = 3052833A2C95E536004E1ADA /* XCRemoteSwiftPackageReference "SwiftyCrop" */;
			productName = SwiftyCrop;
		};
		30BE5B0A2BEB512C00B00862 /* GoogleSignIn */ = {
			isa = XCSwiftPackageProductDependency;
			package = 30BE5B092BEB512C00B00862 /* XCRemoteSwiftPackageReference "GoogleSignIn-iOS" */;
			productName = GoogleSignIn;
		};
		30BE5B0C2BEB512C00B00862 /* GoogleSignInSwift */ = {
			isa = XCSwiftPackageProductDependency;
			package = 30BE5B092BEB512C00B00862 /* XCRemoteSwiftPackageReference "GoogleSignIn-iOS" */;
			productName = GoogleSignInSwift;
		};
		30F033142BE8BFFF00FDEAF4 /* FirebaseAnalytics */ = {
			isa = XCSwiftPackageProductDependency;
			package = 30F033122BE8BB7000FDEAF4 /* XCRemoteSwiftPackageReference "firebase-ios-sdk" */;
			productName = FirebaseAnalytics;
		};
		30F033162BE8C01D00FDEAF4 /* FirebaseAnalyticsSwift */ = {
			isa = XCSwiftPackageProductDependency;
			package = 30F033122BE8BB7000FDEAF4 /* XCRemoteSwiftPackageReference "firebase-ios-sdk" */;
			productName = FirebaseAnalyticsSwift;
		};
		30F033182BE8C9B800FDEAF4 /* FirebaseAuth */ = {
			isa = XCSwiftPackageProductDependency;
			package = 30F033122BE8BB7000FDEAF4 /* XCRemoteSwiftPackageReference "firebase-ios-sdk" */;
			productName = FirebaseAuth;
		};
/* End XCSwiftPackageProductDependency section */
	};
	rootObject = 30F032F72BE8B5C100FDEAF4 /* Project object */;
}
